
Microsoft Visual Studio Solution File, Format Version 12.00
# Visual Studio 2015
Project("{FAE04EC0-301F-11D3-BF4B-00C04F79EFBC}") = "KitrassRoadGeneration", "KitrassRoadGeneration.csproj", "{115CD3A5-A7E9-E9CE-2F32-4555DD7CD741}"
EndProject
Global
	GlobalSection(SolutionConfigurationPlatforms) = preSolution
		Debug|Any CPU = Debug|Any CPU
		Release|Any CPU = Release|Any CPU
	EndGlobalSection
	GlobalSection(ProjectConfigurationPlatforms) = postSolution
		{115CD3A5-A7E9-E9CE-2F32-4555DD7CD741}.Debug|Any CPU.ActiveCfg = Debug|Any CPU
		{115CD3A5-A7E9-E9CE-2F32-4555DD7CD741}.Debug|Any CPU.Build.0 = Debug|Any CPU
		{115CD3A5-A7E9-E9CE-2F32-4555DD7CD741}.Release|Any CPU.ActiveCfg = Release|Any CPU
		{115CD3A5-A7E9-E9CE-2F32-4555DD7CD741}.Release|Any CPU.Build.0 = Release|Any CPU
	EndGlobalSection
	GlobalSection(SolutionProperties) = preSolution
		HideSolutionNode = FALSE
	EndGlobalSection
EndGlobal
